
Microsoft Visual Studio Solution File, Format Version 12.00
# Visual Studio Version 17
VisualStudioVersion = 17.5.002.0
MinimumVisualStudioVersion = 10.0.40219.1
Project("{9A19103F-16F7-4668-BE54-9A1E7A4F7556}") = "AnaliticaFEI", "AnaliticaFEI.csproj", "{DD03A0AD-091D-4021-9150-984EFABBCA11}"
EndProject
Global
	GlobalSection(SolutionConfigurationPlatforms) = preSolution
		Debug|Any CPU = Debug|Any CPU
		Release|Any CPU = Release|Any CPU
	EndGlobalSection
	GlobalSection(ProjectConfigurationPlatforms) = postSolution
		{DD03A0AD-091D-4021-9150-984EFABBCA11}.Debug|Any CPU.ActiveCfg = Debug|Any CPU
		{DD03A0AD-091D-4021-9150-984EFABBCA11}.Debug|Any CPU.Build.0 = Debug|Any CPU
		{DD03A0AD-091D-4021-9150-984EFABBCA11}.Release|Any CPU.ActiveCfg = Release|Any CPU
		{DD03A0AD-091D-4021-9150-984EFABBCA11}.Release|Any CPU.Build.0 = Release|Any CPU
	EndGlobalSection
	GlobalSection(SolutionProperties) = preSolution
		HideSolutionNode = FALSE
	EndGlobalSection
	GlobalSection(ExtensibilityGlobals) = postSolution
		SolutionGuid = {B421C3D8-F484-409F-B17E-649A09540CF1}
	EndGlobalSection
EndGlobal
